// !$*UTF8*$!
{
	archiveVersion = 1;
	classes = {
	};
	objectVersion = 56;
	objects = {

/* Begin PBXBuildFile section */
		3816A7672CC7275B00E409FB /* AppDelegate.swift in Sources */ = {isa = PBXBuildFile; fileRef = 3816A7662CC7275B00E409FB /* AppDelegate.swift */; };
		3816A7692CC7275B00E409FB /* SceneDelegate.swift in Sources */ = {isa = PBXBuildFile; fileRef = 3816A7682CC7275B00E409FB /* SceneDelegate.swift */; };
		3816A76B2CC7275B00E409FB /* ViewController.swift in Sources */ = {isa = PBXBuildFile; fileRef = 3816A76A2CC7275B00E409FB /* ViewController.swift */; };
		3816A76E2CC7275B00E409FB /* Base in Resources */ = {isa = PBXBuildFile; fileRef = 3816A76D2CC7275B00E409FB /* Base */; };
		3816A7702CC7275C00E409FB /* Assets.xcassets in Resources */ = {isa = PBXBuildFile; fileRef = 3816A76F2CC7275C00E409FB /* Assets.xcassets */; };
		3816A7732CC7275C00E409FB /* Base in Resources */ = {isa = PBXBuildFile; fileRef = 3816A7722CC7275C00E409FB /* Base */; };
		3816A77E2CC7275D00E409FB /* baseProjectTests.swift in Sources */ = {isa = PBXBuildFile; fileRef = 3816A77D2CC7275D00E409FB /* baseProjectTests.swift */; };
		3816A7882CC7275D00E409FB /* baseProjectUITests.swift in Sources */ = {isa = PBXBuildFile; fileRef = 3816A7872CC7275D00E409FB /* baseProjectUITests.swift */; };
		3816A78A2CC7275D00E409FB /* baseProjectUITestsLaunchTests.swift in Sources */ = {isa = PBXBuildFile; fileRef = 3816A7892CC7275D00E409FB /* baseProjectUITestsLaunchTests.swift */; };
		3816A7972CC7278300E409FB /* Team.swift in Sources */ = {isa = PBXBuildFile; fileRef = 3816A7962CC7278300E409FB /* Team.swift */; };
		3816A7992CC7278B00E409FB /* TeamMember.swift in Sources */ = {isa = PBXBuildFile; fileRef = 3816A7982CC7278B00E409FB /* TeamMember.swift */; };
		3816A79D2CC7279E00E409FB /* TeamMemberViewController.swift in Sources */ = {isa = PBXBuildFile; fileRef = 3816A79C2CC7279E00E409FB /* TeamMemberViewController.swift */; };
		3816A7A32CC727B600E409FB /* TeamListViewController.swift in Sources */ = {isa = PBXBuildFile; fileRef = 3816A7A22CC727B600E409FB /* TeamListViewController.swift */; };
		3816A7A52CC7293100E409FB /* TeamLogoViewController.swift in Sources */ = {isa = PBXBuildFile; fileRef = 3816A7A42CC7293100E409FB /* TeamLogoViewController.swift */; };
/* End PBXBuildFile section */

/* Begin PBXContainerItemProxy section */
		3816A77A2CC7275D00E409FB /* PBXContainerItemProxy */ = {
			isa = PBXContainerItemProxy;
			containerPortal = 3816A75B2CC7275B00E409FB /* Project object */;
			proxyType = 1;
			remoteGlobalIDString = 3816A7622CC7275B00E409FB;
			remoteInfo = baseProject;
		};
		3816A7842CC7275D00E409FB /* PBXContainerItemProxy */ = {
			isa = PBXContainerItemProxy;
			containerPortal = 3816A75B2CC7275B00E409FB /* Project object */;
			proxyType = 1;
			remoteGlobalIDString = 3816A7622CC7275B00E409FB;
			remoteInfo = baseProject;
		};
/* End PBXContainerItemProxy section */

/* Begin PBXFileReference section */
		3816A7632CC7275B00E409FB /* baseProject.app */ = {isa = PBXFileReference; explicitFileType = wrapper.application; includeInIndex = 0; path = baseProject.app; sourceTree = BUILT_PRODUCTS_DIR; };
		3816A7662CC7275B00E409FB /* AppDelegate.swift */ = {isa = PBXFileReference; lastKnownFileType = sourcecode.swift; path = AppDelegate.swift; sourceTree = "<group>"; };
		3816A7682CC7275B00E409FB /* SceneDelegate.swift */ = {isa = PBXFileReference; lastKnownFileType = sourcecode.swift; path = SceneDelegate.swift; sourceTree = "<group>"; };
		3816A76A2CC7275B00E409FB /* ViewController.swift */ = {isa = PBXFileReference; lastKnownFileType = sourcecode.swift; path = ViewController.swift; sourceTree = "<group>"; };
		3816A76D2CC7275B00E409FB /* Base */ = {isa = PBXFileReference; lastKnownFileType = file.storyboard; name = Base; path = Base.lproj/Main.storyboard; sourceTree = "<group>"; };
		3816A76F2CC7275C00E409FB /* Assets.xcassets */ = {isa = PBXFileReference; lastKnownFileType = folder.assetcatalog; path = Assets.xcassets; sourceTree = "<group>"; };
		3816A7722CC7275C00E409FB /* Base */ = {isa = PBXFileReference; lastKnownFileType = file.storyboard; name = Base; path = Base.lproj/LaunchScreen.storyboard; sourceTree = "<group>"; };
		3816A7742CC7275C00E409FB /* Info.plist */ = {isa = PBXFileReference; lastKnownFileType = text.plist.xml; path = Info.plist; sourceTree = "<group>"; };
		3816A7792CC7275D00E409FB /* baseProjectTests.xctest */ = {isa = PBXFileReference; explicitFileType = wrapper.cfbundle; includeInIndex = 0; path = baseProjectTests.xctest; sourceTree = BUILT_PRODUCTS_DIR; };
		3816A77D2CC7275D00E409FB /* baseProjectTests.swift */ = {isa = PBXFileReference; lastKnownFileType = sourcecode.swift; path = baseProjectTests.swift; sourceTree = "<group>"; };
		3816A7832CC7275D00E409FB /* baseProjectUITests.xctest */ = {isa = PBXFileReference; explicitFileType = wrapper.cfbundle; includeInIndex = 0; path = baseProjectUITests.xctest; sourceTree = BUILT_PRODUCTS_DIR; };
		3816A7872CC7275D00E409FB /* baseProjectUITests.swift */ = {isa = PBXFileReference; lastKnownFileType = sourcecode.swift; path = baseProjectUITests.swift; sourceTree = "<group>"; };
		3816A7892CC7275D00E409FB /* baseProjectUITestsLaunchTests.swift */ = {isa = PBXFileReference; lastKnownFileType = sourcecode.swift; path = baseProjectUITestsLaunchTests.swift; sourceTree = "<group>"; };
		3816A7962CC7278300E409FB /* Team.swift */ = {isa = PBXFileReference; lastKnownFileType = sourcecode.swift; path = Team.swift; sourceTree = "<group>"; };
		3816A7982CC7278B00E409FB /* TeamMember.swift */ = {isa = PBXFileReference; lastKnownFileType = sourcecode.swift; path = TeamMember.swift; sourceTree = "<group>"; };
		3816A79C2CC7279E00E409FB /* TeamMemberViewController.swift */ = {isa = PBXFileReference; lastKnownFileType = sourcecode.swift; path = TeamMemberViewController.swift; sourceTree = "<group>"; };
		3816A7A22CC727B600E409FB /* TeamListViewController.swift */ = {isa = PBXFileReference; lastKnownFileType = sourcecode.swift; path = TeamListViewController.swift; sourceTree = "<group>"; };
		3816A7A42CC7293100E409FB /* TeamLogoViewController.swift */ = {isa = PBXFileReference; lastKnownFileType = sourcecode.swift; path = TeamLogoViewController.swift; sourceTree = "<group>"; };
/* End PBXFileReference section */

/* Begin PBXFrameworksBuildPhase section */
		3816A7602CC7275B00E409FB /* Frameworks */ = {
			isa = PBXFrameworksBuildPhase;
			buildActionMask = 2147483647;
			files = (
			);
			runOnlyForDeploymentPostprocessing = 0;
		};
		3816A7762CC7275D00E409FB /* Frameworks */ = {
			isa = PBXFrameworksBuildPhase;
			buildActionMask = 2147483647;
			files = (
			);
			runOnlyForDeploymentPostprocessing = 0;
		};
		3816A7802CC7275D00E409FB /* Frameworks */ = {
			isa = PBXFrameworksBuildPhase;
			buildActionMask = 2147483647;
			files = (
			);
			runOnlyForDeploymentPostprocessing = 0;
		};
/* End PBXFrameworksBuildPhase section */

/* Begin PBXGroup section */
		3816A75A2CC7275B00E409FB = {
			isa = PBXGroup;
			children = (
				3816A7652CC7275B00E409FB /* baseProject */,
				3816A77C2CC7275D00E409FB /* baseProjectTests */,
				3816A7862CC7275D00E409FB /* baseProjectUITests */,
				3816A7642CC7275B00E409FB /* Products */,
			);
			sourceTree = "<group>";
		};
		3816A7642CC7275B00E409FB /* Products */ = {
			isa = PBXGroup;
			children = (
				3816A7632CC7275B00E409FB /* baseProject.app */,
				3816A7792CC7275D00E409FB /* baseProjectTests.xctest */,
				3816A7832CC7275D00E409FB /* baseProjectUITests.xctest */,
			);
			name = Products;
			sourceTree = "<group>";
		};
		3816A7652CC7275B00E409FB /* baseProject */ = {
			isa = PBXGroup;
			children = (
				3816A7662CC7275B00E409FB /* AppDelegate.swift */,
				3816A7682CC7275B00E409FB /* SceneDelegate.swift */,
				3816A76A2CC7275B00E409FB /* ViewController.swift */,
				3816A76C2CC7275B00E409FB /* Main.storyboard */,
				3816A76F2CC7275C00E409FB /* Assets.xcassets */,
				3816A7712CC7275C00E409FB /* LaunchScreen.storyboard */,
				3816A7742CC7275C00E409FB /* Info.plist */,
				3816A7962CC7278300E409FB /* Team.swift */,
				3816A7982CC7278B00E409FB /* TeamMember.swift */,
				3816A7A42CC7293100E409FB /* TeamLogoViewController.swift */,
				3816A79C2CC7279E00E409FB /* TeamMemberViewController.swift */,
				3816A7A22CC727B600E409FB /* TeamListViewController.swift */,
			);
			path = baseProject;
			sourceTree = "<group>";
		};
		3816A77C2CC7275D00E409FB /* baseProjectTests */ = {
			isa = PBXGroup;
			children = (
				3816A77D2CC7275D00E409FB /* baseProjectTests.swift */,
			);
			path = baseProjectTests;
			sourceTree = "<group>";
		};
		3816A7862CC7275D00E409FB /* baseProjectUITests */ = {
			isa = PBXGroup;
			children = (
				3816A7872CC7275D00E409FB /* baseProjectUITests.swift */,
				3816A7892CC7275D00E409FB /* baseProjectUITestsLaunchTests.swift */,
			);
			path = baseProjectUITests;
			sourceTree = "<group>";
		};
/* End PBXGroup section */

/* Begin PBXNativeTarget section */
		3816A7622CC7275B00E409FB /* baseProject */ = {
			isa = PBXNativeTarget;
			buildConfigurationList = 3816A78D2CC7275D00E409FB /* Build configuration list for PBXNativeTarget "baseProject" */;
			buildPhases = (
				3816A75F2CC7275B00E409FB /* Sources */,
				3816A7602CC7275B00E409FB /* Frameworks */,
				3816A7612CC7275B00E409FB /* Resources */,
			);
			buildRules = (
			);
			dependencies = (
			);
			name = baseProject;
			productName = baseProject;
			productReference = 3816A7632CC7275B00E409FB /* baseProject.app */;
			productType = "com.apple.product-type.application";
		};
		3816A7782CC7275D00E409FB /* baseProjectTests */ = {
			isa = PBXNativeTarget;
			buildConfigurationList = 3816A7902CC7275D00E409FB /* Build configuration list for PBXNativeTarget "baseProjectTests" */;
			buildPhases = (
				3816A7752CC7275D00E409FB /* Sources */,
				3816A7762CC7275D00E409FB /* Frameworks */,
				3816A7772CC7275D00E409FB /* Resources */,
			);
			buildRules = (
			);
			dependencies = (
				3816A77B2CC7275D00E409FB /* PBXTargetDependency */,
			);
			name = baseProjectTests;
			productName = baseProjectTests;
			productReference = 3816A7792CC7275D00E409FB /* baseProjectTests.xctest */;
			productType = "com.apple.product-type.bundle.unit-test";
		};
		3816A7822CC7275D00E409FB /* baseProjectUITests */ = {
			isa = PBXNativeTarget;
			buildConfigurationList = 3816A7932CC7275D00E409FB /* Build configuration list for PBXNativeTarget "baseProjectUITests" */;
			buildPhases = (
				3816A77F2CC7275D00E409FB /* Sources */,
				3816A7802CC7275D00E409FB /* Frameworks */,
				3816A7812CC7275D00E409FB /* Resources */,
			);
			buildRules = (
			);
			dependencies = (
				3816A7852CC7275D00E409FB /* PBXTargetDependency */,
			);
			name = baseProjectUITests;
			productName = baseProjectUITests;
			productReference = 3816A7832CC7275D00E409FB /* baseProjectUITests.xctest */;
			productType = "com.apple.product-type.bundle.ui-testing";
		};
/* End PBXNativeTarget section */

/* Begin PBXProject section */
		3816A75B2CC7275B00E409FB /* Project object */ = {
			isa = PBXProject;
			attributes = {
				BuildIndependentTargetsInParallel = 1;
				LastSwiftUpdateCheck = 1540;
				LastUpgradeCheck = 1540;
				TargetAttributes = {
					3816A7622CC7275B00E409FB = {
						CreatedOnToolsVersion = 15.4;
					};
					3816A7782CC7275D00E409FB = {
						CreatedOnToolsVersion = 15.4;
						TestTargetID = 3816A7622CC7275B00E409FB;
					};
					3816A7822CC7275D00E409FB = {
						CreatedOnToolsVersion = 15.4;
						TestTargetID = 3816A7622CC7275B00E409FB;
					};
				};
			};
			buildConfigurationList = 3816A75E2CC7275B00E409FB /* Build configuration list for PBXProject "baseProject" */;
			compatibilityVersion = "Xcode 14.0";
			developmentRegion = en;
			hasScannedForEncodings = 0;
			knownRegions = (
				en,
				Base,
			);
			mainGroup = 3816A75A2CC7275B00E409FB;
			productRefGroup = 3816A7642CC7275B00E409FB /* Products */;
			projectDirPath = "";
			projectRoot = "";
			targets = (
				3816A7622CC7275B00E409FB /* baseProject */,
				3816A7782CC7275D00E409FB /* baseProjectTests */,
				3816A7822CC7275D00E409FB /* baseProjectUITests */,
			);
		};
/* End PBXProject section */

/* Begin PBXResourcesBuildPhase section */
		3816A7612CC7275B00E409FB /* Resources */ = {
			isa = PBXResourcesBuildPhase;
			buildActionMask = 2147483647;
			files = (
				3816A7702CC7275C00E409FB /* Assets.xcassets in Resources */,
				3816A7732CC7275C00E409FB /* Base in Resources */,
				3816A76E2CC7275B00E409FB /* Base in Resources */,
			);
			runOnlyForDeploymentPostprocessing = 0;
		};
		3816A7772CC7275D00E409FB /* Resources */ = {
			isa = PBXResourcesBuildPhase;
			buildActionMask = 2147483647;
			files = (
			);
			runOnlyForDeploymentPostprocessing = 0;
		};
		3816A7812CC7275D00E409FB /* Resources */ = {
			isa = PBXResourcesBuildPhase;
			buildActionMask = 2147483647;
			files = (
			);
			runOnlyForDeploymentPostprocessing = 0;
		};
/* End PBXResourcesBuildPhase section */

/* Begin PBXSourcesBuildPhase section */
		3816A75F2CC7275B00E409FB /* Sources */ = {
			isa = PBXSourcesBuildPhase;
			buildActionMask = 2147483647;
			files = (
				3816A79D2CC7279E00E409FB /* TeamMemberViewController.swift in Sources */,
				3816A7972CC7278300E409FB /* Team.swift in Sources */,
				3816A7A52CC7293100E409FB /* TeamLogoViewController.swift in Sources */,
				3816A7A32CC727B600E409FB /* TeamListViewController.swift in Sources */,
				3816A76B2CC7275B00E409FB /* ViewController.swift in Sources */,
				3816A7672CC7275B00E409FB /* AppDelegate.swift in Sources */,
				3816A7992CC7278B00E409FB /* TeamMember.swift in Sources */,
				3816A7692CC7275B00E409FB /* SceneDelegate.swift in Sources */,
			);
			runOnlyForDeploymentPostprocessing = 0;
		};
		3816A7752CC7275D00E409FB /* Sources */ = {
			isa = PBXSourcesBuildPhase;
			buildActionMask = 2147483647;
			files = (
				3816A77E2CC7275D00E409FB /* baseProjectTests.swift in Sources */,
			);
			runOnlyForDeploymentPostprocessing = 0;
		};
		3816A77F2CC7275D00E409FB /* Sources */ = {
			isa = PBXSourcesBuildPhase;
			buildActionMask = 2147483647;
			files = (
				3816A7882CC7275D00E409FB /* baseProjectUITests.swift in Sources */,
				3816A78A2CC7275D00E409FB /* baseProjectUITestsLaunchTests.swift in Sources */,
			);
			runOnlyForDeploymentPostprocessing = 0;
		};
/* End PBXSourcesBuildPhase section */

/* Begin PBXTargetDependency section */
		3816A77B2CC7275D00E409FB /* PBXTargetDependency */ = {
			isa = PBXTargetDependency;
			target = 3816A7622CC7275B00E409FB /* baseProject */;
			targetProxy = 3816A77A2CC7275D00E409FB /* PBXContainerItemProxy */;
		};
		3816A7852CC7275D00E409FB /* PBXTargetDependency */ = {
			isa = PBXTargetDependency;
			target = 3816A7622CC7275B00E409FB /* baseProject */;
			targetProxy = 3816A7842CC7275D00E409FB /* PBXContainerItemProxy */;
		};
/* End PBXTargetDependency section */

/* Begin PBXVariantGroup section */
		3816A76C2CC7275B00E409FB /* Main.storyboard */ = {
			isa = PBXVariantGroup;
			children = (
				3816A76D2CC7275B00E409FB /* Base */,
			);
			name = Main.storyboard;
			sourceTree = "<group>";
		};
		3816A7712CC7275C00E409FB /* LaunchScreen.storyboard */ = {
			isa = PBXVariantGroup;
			children = (
				3816A7722CC7275C00E409FB /* Base */,
			);
			name = LaunchScreen.storyboard;
			sourceTree = "<group>";
		};
/* End PBXVariantGroup section */

/* Begin XCBuildConfiguration section */
		3816A78B2CC7275D00E409FB /* Debug */ = {
			isa = XCBuildConfiguration;
			buildSettings = {
				ALWAYS_SEARCH_USER_PATHS = NO;
				ASSETCATALOG_COMPILER_GENERATE_SWIFT_ASSET_SYMBOL_EXTENSIONS = YES;
				CLANG_ANALYZER_NONNULL = YES;
				CLANG_ANALYZER_NUMBER_OBJECT_CONVERSION = YES_AGGRESSIVE;
				CLANG_CXX_LANGUAGE_STANDARD = "gnu++20";
				CLANG_ENABLE_MODULES = YES;
				CLANG_ENABLE_OBJC_ARC = YES;
				CLANG_ENABLE_OBJC_WEAK = YES;
				CLANG_WARN_BLOCK_CAPTURE_AUTORELEASING = YES;
				CLANG_WARN_BOOL_CONVERSION = YES;
				CLANG_WARN_COMMA = YES;
				CLANG_WARN_CONSTANT_CONVERSION = YES;
				CLANG_WARN_DEPRECATED_OBJC_IMPLEMENTATIONS = YES;
				CLANG_WARN_DIRECT_OBJC_ISA_USAGE = YES_ERROR;
				CLANG_WARN_DOCUMENTATION_COMMENTS = YES;
				CLANG_WARN_EMPTY_BODY = YES;
				CLANG_WARN_ENUM_CONVERSION = YES;
				CLANG_WARN_INFINITE_RECURSION = YES;
				CLANG_WARN_INT_CONVERSION = YES;
				CLANG_WARN_NON_LITERAL_NULL_CONVERSION = YES;
				CLANG_WARN_OBJC_IMPLICIT_RETAIN_SELF = YES;
				CLANG_WARN_OBJC_LITERAL_CONVERSION = YES;
				CLANG_WARN_OBJC_ROOT_CLASS = YES_ERROR;
				CLANG_WARN_QUOTED_INCLUDE_IN_FRAMEWORK_HEADER = YES;
				CLANG_WARN_RANGE_LOOP_ANALYSIS = YES;
				CLANG_WARN_STRICT_PROTOTYPES = YES;
				CLANG_WARN_SUSPICIOUS_MOVE = YES;
				CLANG_WARN_UNGUARDED_AVAILABILITY = YES_AGGRESSIVE;
				CLANG_WARN_UNREACHABLE_CODE = YES;
				CLANG_WARN__DUPLICATE_METHOD_MATCH = YES;
				COPY_PHASE_STRIP = NO;
				DEBUG_INFORMATION_FORMAT = dwarf;
				ENABLE_STRICT_OBJC_MSGSEND = YES;
				ENABLE_TESTABILITY = YES;
				ENABLE_USER_SCRIPT_SANDBOXING = YES;
				GCC_C_LANGUAGE_STANDARD = gnu17;
				GCC_DYNAMIC_NO_PIC = NO;
				GCC_NO_COMMON_BLOCKS = YES;
				GCC_OPTIMIZATION_LEVEL = 0;
				GCC_PREPROCESSOR_DEFINITIONS = (
					"DEBUG=1",
					"$(inherited)",
				);
				GCC_WARN_64_TO_32_BIT_CONVERSION = YES;
				GCC_WARN_ABOUT_RETURN_TYPE = YES_ERROR;
				GCC_WARN_UNDECLARED_SELECTOR = YES;
				GCC_WARN_UNINITIALIZED_AUTOS = YES_AGGRESSIVE;
				GCC_WARN_UNUSED_FUNCTION = YES;
				GCC_WARN_UNUSED_VARIABLE = YES;
				IPHONEOS_DEPLOYMENT_TARGET = 17.5;
				LOCALIZATION_PREFERS_STRING_CATALOGS = YES;
				MTL_ENABLE_DEBUG_INFO = INCLUDE_SOURCE;
				MTL_FAST_MATH = YES;
				ONLY_ACTIVE_ARCH = YES;
				SDKROOT = iphoneos;
				SWIFT_ACTIVE_COMPILATION_CONDITIONS = "DEBUG $(inherited)";
				SWIFT_OPTIMIZATION_LEVEL = "-Onone";
			};
			name = Debug;
		};
		3816A78C2CC7275D00E409FB /* Release */ = {
			isa = XCBuildConfiguration;
			buildSettings = {
				ALWAYS_SEARCH_USER_PATHS = NO;
				ASSETCATALOG_COMPILER_GENERATE_SWIFT_ASSET_SYMBOL_EXTENSIONS = YES;
				CLANG_ANALYZER_NONNULL = YES;
				CLANG_ANALYZER_NUMBER_OBJECT_CONVERSION = YES_AGGRESSIVE;
				CLANG_CXX_LANGUAGE_STANDARD = "gnu++20";
				CLANG_ENABLE_MODULES = YES;
				CLANG_ENABLE_OBJC_ARC = YES;
				CLANG_ENABLE_OBJC_WEAK = YES;
				CLANG_WARN_BLOCK_CAPTURE_AUTORELEASING = YES;
				CLANG_WARN_BOOL_CONVERSION = YES;
				CLANG_WARN_COMMA = YES;
				CLANG_WARN_CONSTANT_CONVERSION = YES;
				CLANG_WARN_DEPRECATED_OBJC_IMPLEMENTATIONS = YES;
				CLANG_WARN_DIRECT_OBJC_ISA_USAGE = YES_ERROR;
				CLANG_WARN_DOCUMENTATION_COMMENTS = YES;
				CLANG_WARN_EMPTY_BODY = YES;
				CLANG_WARN_ENUM_CONVERSION = YES;
				CLANG_WARN_INFINITE_RECURSION = YES;
				CLANG_WARN_INT_CONVERSION = YES;
				CLANG_WARN_NON_LITERAL_NULL_CONVERSION = YES;
				CLANG_WARN_OBJC_IMPLICIT_RETAIN_SELF = YES;
				CLANG_WARN_OBJC_LITERAL_CONVERSION = YES;
				CLANG_WARN_OBJC_ROOT_CLASS = YES_ERROR;
				CLANG_WARN_QUOTED_INCLUDE_IN_FRAMEWORK_HEADER = YES;
				CLANG_WARN_RANGE_LOOP_ANALYSIS = YES;
				CLANG_WARN_STRICT_PROTOTYPES = YES;
				CLANG_WARN_SUSPICIOUS_MOVE = YES;
				CLANG_WARN_UNGUARDED_AVAILABILITY = YES_AGGRESSIVE;
				CLANG_WARN_UNREACHABLE_CODE = YES;
				CLANG_WARN__DUPLICATE_METHOD_MATCH = YES;
				COPY_PHASE_STRIP = NO;
				DEBUG_INFORMATION_FORMAT = "dwarf-with-dsym";
				ENABLE_NS_ASSERTIONS = NO;
				ENABLE_STRICT_OBJC_MSGSEND = YES;
				ENABLE_USER_SCRIPT_SANDBOXING = YES;
				GCC_C_LANGUAGE_STANDARD = gnu17;
				GCC_NO_COMMON_BLOCKS = YES;
				GCC_WARN_64_TO_32_BIT_CONVERSION = YES;
				GCC_WARN_ABOUT_RETURN_TYPE = YES_ERROR;
				GCC_WARN_UNDECLARED_SELECTOR = YES;
				GCC_WARN_UNINITIALIZED_AUTOS = YES_AGGRESSIVE;
				GCC_WARN_UNUSED_FUNCTION = YES;
				GCC_WARN_UNUSED_VARIABLE = YES;
				IPHONEOS_DEPLOYMENT_TARGET = 17.5;
				LOCALIZATION_PREFERS_STRING_CATALOGS = YES;
				MTL_ENABLE_DEBUG_INFO = NO;
				MTL_FAST_MATH = YES;
				SDKROOT = iphoneos;
				SWIFT_COMPILATION_MODE = wholemodule;
				VALIDATE_PRODUCT = YES;
			};
			name = Release;
		};
		3816A78E2CC7275D00E409FB /* Debug */ = {
			isa = XCBuildConfiguration;
			buildSettings = {
				ASSETCATALOG_COMPILER_APPICON_NAME = AppIcon;
				ASSETCATALOG_COMPILER_GLOBAL_ACCENT_COLOR_NAME = AccentColor;
				CODE_SIGN_STYLE = Automatic;
				CURRENT_PROJECT_VERSION = 1;
				DEVELOPMENT_TEAM = 6XVTBTTTFN;
				GENERATE_INFOPLIST_FILE = YES;
				INFOPLIST_FILE = baseProject/Info.plist;
				INFOPLIST_KEY_UIApplicationSupportsIndirectInputEvents = YES;
				INFOPLIST_KEY_UILaunchStoryboardName = LaunchScreen;
				INFOPLIST_KEY_UIMainStoryboardFile = Main;
				INFOPLIST_KEY_UISupportedInterfaceOrientations_iPad = "UIInterfaceOrientationPortrait UIInterfaceOrientationPortraitUpsideDown UIInterfaceOrientationLandscapeLeft UIInterfaceOrientationLandscapeRight";
				INFOPLIST_KEY_UISupportedInterfaceOrientations_iPhone = "UIInterfaceOrientationPortrait UIInterfaceOrientationLandscapeLeft UIInterfaceOrientationLandscapeRight";
				LD_RUNPATH_SEARCH_PATHS = (
					"$(inherited)",
					"@executable_path/Frameworks",
				);
				MARKETING_VERSION = 1.0;
				PRODUCT_BUNDLE_IDENTIFIER = soungjunban.baseProject;
				PRODUCT_NAME = "$(TARGET_NAME)";
				SWIFT_EMIT_LOC_STRINGS = YES;
				SWIFT_VERSION = 5.0;
				TARGETED_DEVICE_FAMILY = "1,2";
			};
			name = Debug;
		};
		3816A78F2CC7275D00E409FB /* Release */ = {
			isa = XCBuildConfiguration;
			buildSettings = {
				ASSETCATALOG_COMPILER_APPICON_NAME = AppIcon;
				ASSETCATALOG_COMPILER_GLOBAL_ACCENT_COLOR_NAME = AccentColor;
				CODE_SIGN_STYLE = Automatic;
				CURRENT_PROJECT_VERSION = 1;
				DEVELOPMENT_TEAM = 6XVTBTTTFN;
				GENERATE_INFOPLIST_FILE = YES;
				INFOPLIST_FILE = baseProject/Info.plist;
				INFOPLIST_KEY_UIApplicationSupportsIndirectInputEvents = YES;
				INFOPLIST_KEY_UILaunchStoryboardName = LaunchScreen;
				INFOPLIST_KEY_UIMainStoryboardFile = Main;
				INFOPLIST_KEY_UISupportedInterfaceOrientations_iPad = "UIInterfaceOrientationPortrait UIInterfaceOrientationPortraitUpsideDown UIInterfaceOrientationLandscapeLeft UIInterfaceOrientationLandscapeRight";
				INFOPLIST_KEY_UISupportedInterfaceOrientations_iPhone = "UIInterfaceOrientationPortrait UIInterfaceOrientationLandscapeLeft UIInterfaceOrientationLandscapeRight";
				LD_RUNPATH_SEARCH_PATHS = (
					"$(inherited)",
					"@executable_path/Frameworks",
				);
				MARKETING_VERSION = 1.0;
				PRODUCT_BUNDLE_IDENTIFIER = soungjunban.baseProject;
				PRODUCT_NAME = "$(TARGET_NAME)";
				SWIFT_EMIT_LOC_STRINGS = YES;
				SWIFT_VERSION = 5.0;
				TARGETED_DEVICE_FAMILY = "1,2";
			};
			name = Release;
		};
		3816A7912CC7275D00E409FB /* Debug */ = {
			isa = XCBuildConfiguration;
			buildSettings = {
				ALWAYS_EMBED_SWIFT_STANDARD_LIBRARIES = YES;
				BUNDLE_LOADER = "$(TEST_HOST)";
				CODE_SIGN_STYLE = Automatic;
				CURRENT_PROJECT_VERSION = 1;
				DEVELOPMENT_TEAM = 6XVTBTTTFN;
				GENERATE_INFOPLIST_FILE = YES;
				IPHONEOS_DEPLOYMENT_TARGET = 17.5;
				MARKETING_VERSION = 1.0;
				PRODUCT_BUNDLE_IDENTIFIER = soungjunban.baseProjectTests;
				PRODUCT_NAME = "$(TARGET_NAME)";
				SWIFT_EMIT_LOC_STRINGS = NO;
				SWIFT_VERSION = 5.0;
				TARGETED_DEVICE_FAMILY = "1,2";
				TEST_HOST = "$(BUILT_PRODUCTS_DIR)/baseProject.app/$(BUNDLE_EXECUTABLE_FOLDER_PATH)/baseProject";
			};
			name = Debug;
		};
		3816A7922CC7275D00E409FB /* Release */ = {
			isa = XCBuildConfiguration;
			buildSettings = {
				ALWAYS_EMBED_SWIFT_STANDARD_LIBRARIES = YES;
				BUNDLE_LOADER = "$(TEST_HOST)";
				CODE_SIGN_STYLE = Automatic;
				CURRENT_PROJECT_VERSION = 1;
				DEVELOPMENT_TEAM = 6XVTBTTTFN;
				GENERATE_INFOPLIST_FILE = YES;
				IPHONEOS_DEPLOYMENT_TARGET = 17.5;
				MARKETING_VERSION = 1.0;
				PRODUCT_BUNDLE_IDENTIFIER = soungjunban.baseProjectTests;
				PRODUCT_NAME = "$(TARGET_NAME)";
				SWIFT_EMIT_LOC_STRINGS = NO;
				SWIFT_VERSION = 5.0;
				TARGETED_DEVICE_FAMILY = "1,2";
				TEST_HOST = "$(BUILT_PRODUCTS_DIR)/baseProject.app/$(BUNDLE_EXECUTABLE_FOLDER_PATH)/baseProject";
			};
			name = Release;
		};
		3816A7942CC7275D00E409FB /* Debug */ = {
			isa = XCBuildConfiguration;
			buildSettings = {
				ALWAYS_EMBED_SWIFT_STANDARD_LIBRARIES = YES;
				CODE_SIGN_STYLE = Automatic;
				CURRENT_PROJECT_VERSION = 1;
				DEVELOPMENT_TEAM = 6XVTBTTTFN;
				GENERATE_INFOPLIST_FILE = YES;
				MARKETING_VERSION = 1.0;
				PRODUCT_BUNDLE_IDENTIFIER = soungjunban.baseProjectUITests;
				PRODUCT_NAME = "$(TARGET_NAME)";
				SWIFT_EMIT_LOC_STRINGS = NO;
				SWIFT_VERSION = 5.0;
				TARGETED_DEVICE_FAMILY = "1,2";
				TEST_TARGET_NAME = baseProject;
			};
			name = Debug;
		};
		3816A7952CC7275D00E409FB /* Release */ = {
			isa = XCBuildConfiguration;
			buildSettings = {
				ALWAYS_EMBED_SWIFT_STANDARD_LIBRARIES = YES;
				CODE_SIGN_STYLE = Automatic;
				CURRENT_PROJECT_VERSION = 1;
				DEVELOPMENT_TEAM = 6XVTBTTTFN;
				GENERATE_INFOPLIST_FILE = YES;
				MARKETING_VERSION = 1.0;
				PRODUCT_BUNDLE_IDENTIFIER = soungjunban.baseProjectUITests;
				PRODUCT_NAME = "$(TARGET_NAME)";
				SWIFT_EMIT_LOC_STRINGS = NO;
				SWIFT_VERSION = 5.0;
				TARGETED_DEVICE_FAMILY = "1,2";
				TEST_TARGET_NAME = baseProject;
			};
			name = Release;
		};
/* End XCBuildConfiguration section */

/* Begin XCConfigurationList section */
		3816A75E2CC7275B00E409FB /* Build configuration list for PBXProject "baseProject" */ = {
			isa = XCConfigurationList;
			buildConfigurations = (
				3816A78B2CC7275D00E409FB /* Debug */,
				3816A78C2CC7275D00E409FB /* Release */,
			);
			defaultConfigurationIsVisible = 0;
			defaultConfigurationName = Release;
		};
		3816A78D2CC7275D00E409FB /* Build configuration list for PBXNativeTarget "baseProject" */ = {
			isa = XCConfigurationList;
			buildConfigurations = (
				3816A78E2CC7275D00E409FB /* Debug */,
				3816A78F2CC7275D00E409FB /* Release */,
			);
			defaultConfigurationIsVisible = 0;
			defaultConfigurationName = Release;
		};
		3816A7902CC7275D00E409FB /* Build configuration list for PBXNativeTarget "baseProjectTests" */ = {
			isa = XCConfigurationList;
			buildConfigurations = (
				3816A7912CC7275D00E409FB /* Debug */,
				3816A7922CC7275D00E409FB /* Release */,
			);
			defaultConfigurationIsVisible = 0;
			defaultConfigurationName = Release;
		};
		3816A7932CC7275D00E409FB /* Build configuration list for PBXNativeTarget "baseProjectUITests" */ = {
			isa = XCConfigurationList;
			buildConfigurations = (
				3816A7942CC7275D00E409FB /* Debug */,
				3816A7952CC7275D00E409FB /* Release */,
			);
			defaultConfigurationIsVisible = 0;
			defaultConfigurationName = Release;
		};
/* End XCConfigurationList section */
	};
	rootObject = 3816A75B2CC7275B00E409FB /* Project object */;
}
